
Microsoft Visual Studio Solution File, Format Version 12.00
# Visual Studio Version 17
VisualStudioVersion = 17.2.32420.363
MinimumVisualStudioVersion = 10.0.40219.1
Project("{9A19103F-16F7-4668-BE54-9A1E7A4F7556}") = "RazorGit60", "RazorGit60.csproj", "{78F983D9-13C5-4FDC-B833-4510F908272A}"
EndProject
Global
	GlobalSection(SolutionConfigurationPlatforms) = preSolution
		Debug|Any CPU = Debug|Any CPU
		Release|Any CPU = Release|Any CPU
	EndGlobalSection
	GlobalSection(ProjectConfigurationPlatforms) = postSolution
		{78F983D9-13C5-4FDC-B833-4510F908272A}.Debug|Any CPU.ActiveCfg = Debug|Any CPU
		{78F983D9-13C5-4FDC-B833-4510F908272A}.Debug|Any CPU.Build.0 = Debug|Any CPU
		{78F983D9-13C5-4FDC-B833-4510F908272A}.Release|Any CPU.ActiveCfg = Release|Any CPU
		{78F983D9-13C5-4FDC-B833-4510F908272A}.Release|Any CPU.Build.0 = Release|Any CPU
	EndGlobalSection
	GlobalSection(SolutionProperties) = preSolution
		HideSolutionNode = FALSE
	EndGlobalSection
	GlobalSection(ExtensibilityGlobals) = postSolution
		SolutionGuid = {6BE03B55-FE93-434F-B66F-D7B1CAEAC13E}
	EndGlobalSection
EndGlobal
